
Microsoft Visual Studio Solution File, Format Version 12.00
# Visual Studio Version 17
VisualStudioVersion = 17.7.34031.279
MinimumVisualStudioVersion = 10.0.40219.1
Project("{FAE04EC0-301F-11D3-BF4B-00C04F79EFBC}") = "modul2222", "modul2222\modul2222.csproj", "{691F7464-A9AB-425F-98C7-4B0967BF2615}"
EndProject
Global
	GlobalSection(SolutionConfigurationPlatforms) = preSolution
		Debug|Any CPU = Debug|Any CPU
		Release|Any CPU = Release|Any CPU
	EndGlobalSection
	GlobalSection(ProjectConfigurationPlatforms) = postSolution
		{691F7464-A9AB-425F-98C7-4B0967BF2615}.Debug|Any CPU.ActiveCfg = Debug|Any CPU
		{691F7464-A9AB-425F-98C7-4B0967BF2615}.Debug|Any CPU.Build.0 = Debug|Any CPU
		{691F7464-A9AB-425F-98C7-4B0967BF2615}.Release|Any CPU.ActiveCfg = Release|Any CPU
		{691F7464-A9AB-425F-98C7-4B0967BF2615}.Release|Any CPU.Build.0 = Release|Any CPU
	EndGlobalSection
	GlobalSection(SolutionProperties) = preSolution
		HideSolutionNode = FALSE
	EndGlobalSection
	GlobalSection(ExtensibilityGlobals) = postSolution
		SolutionGuid = {2638118A-D7FA-402A-B5E5-4842222D3C7A}
	EndGlobalSection
EndGlobal
